
Microsoft Visual Studio Solution File, Format Version 12.00
# Visual Studio Version 17
VisualStudioVersion = 17.5.33402.96
MinimumVisualStudioVersion = 10.0.40219.1
Project("{FAE04EC0-301F-11D3-BF4B-00C04F79EFBC}") = "TicTacToe", "TicTacToe.csproj", "{FB5B49D4-5DF6-457F-9E3A-036459291440}"
EndProject
Global
	GlobalSection(SolutionConfigurationPlatforms) = preSolution
		Debug|Any CPU = Debug|Any CPU
		Release|Any CPU = Release|Any CPU
	EndGlobalSection
	GlobalSection(ProjectConfigurationPlatforms) = postSolution
		{FB5B49D4-5DF6-457F-9E3A-036459291440}.Debug|Any CPU.ActiveCfg = Debug|Any CPU
		{FB5B49D4-5DF6-457F-9E3A-036459291440}.Debug|Any CPU.Build.0 = Debug|Any CPU
		{FB5B49D4-5DF6-457F-9E3A-036459291440}.Release|Any CPU.ActiveCfg = Release|Any CPU
		{FB5B49D4-5DF6-457F-9E3A-036459291440}.Release|Any CPU.Build.0 = Release|Any CPU
	EndGlobalSection
	GlobalSection(SolutionProperties) = preSolution
		HideSolutionNode = FALSE
	EndGlobalSection
	GlobalSection(ExtensibilityGlobals) = postSolution
		SolutionGuid = {A7986441-2C79-4D32-A280-CEF9220B879A}
	EndGlobalSection
EndGlobal
